// !$*UTF8*$!
{
	archiveVersion = 1;
	classes = {
	};
	objectVersion = 55;
	objects = {

/* Begin PBXBuildFile section */
		2E79DEAA28B7347500B2952A /* AlbumView.swift in Sources */ = {isa = PBXBuildFile; fileRef = 2E79DEA928B7347500B2952A /* AlbumView.swift */; };
		2E79DEAC28B752FF00B2952A /* AlbumDetailsViewModel.swift in Sources */ = {isa = PBXBuildFile; fileRef = 2E79DEAB28B752FF00B2952A /* AlbumDetailsViewModel.swift */; };
		2E79DEAE28B76A3100B2952A /* PlaylistViewModel.swift in Sources */ = {isa = PBXBuildFile; fileRef = 2E79DEAD28B76A3100B2952A /* PlaylistViewModel.swift */; };
		2E79DEB028B76B9700B2952A /* PlaylistView.swift in Sources */ = {isa = PBXBuildFile; fileRef = 2E79DEAF28B76B9700B2952A /* PlaylistView.swift */; };
		2E79DEB228B76C2C00B2952A /* CoverHeadView.swift in Sources */ = {isa = PBXBuildFile; fileRef = 2E79DEB128B76C2C00B2952A /* CoverHeadView.swift */; };
		2E79DEB428B76E0B00B2952A /* TrackListView.swift in Sources */ = {isa = PBXBuildFile; fileRef = 2E79DEB328B76E0B00B2952A /* TrackListView.swift */; };
		2EA6598E28B8943000098211 /* PlayerManagerViewModel.swift in Sources */ = {isa = PBXBuildFile; fileRef = 2EA6598D28B8943000098211 /* PlayerManagerViewModel.swift */; };
		2EA6599028B8F8EB00098211 /* CategoryPlaylistView.swift in Sources */ = {isa = PBXBuildFile; fileRef = 2EA6598F28B8F8EB00098211 /* CategoryPlaylistView.swift */; };
		2ECA765528B4BCE8002A03C8 /* SpotifyApp.swift in Sources */ = {isa = PBXBuildFile; fileRef = 2ECA765428B4BCE8002A03C8 /* SpotifyApp.swift */; };
		2ECA765728B4BCE8002A03C8 /* ContentView.swift in Sources */ = {isa = PBXBuildFile; fileRef = 2ECA765628B4BCE8002A03C8 /* ContentView.swift */; };
		2ECA765928B4BCEB002A03C8 /* Assets.xcassets in Resources */ = {isa = PBXBuildFile; fileRef = 2ECA765828B4BCEB002A03C8 /* Assets.xcassets */; };
		2ECA765C28B4BCEB002A03C8 /* Preview Assets.xcassets in Resources */ = {isa = PBXBuildFile; fileRef = 2ECA765B28B4BCEB002A03C8 /* Preview Assets.xcassets */; };
		2ECA766428B4BEA6002A03C8 /* AuthManager.swift in Sources */ = {isa = PBXBuildFile; fileRef = 2ECA766328B4BEA6002A03C8 /* AuthManager.swift */; };
		2ECA766628B4BECB002A03C8 /* APICaller.swift in Sources */ = {isa = PBXBuildFile; fileRef = 2ECA766528B4BECB002A03C8 /* APICaller.swift */; };
		2ECA769928B4BF1A002A03C8 /* GetAlbumsTracks.swift in Sources */ = {isa = PBXBuildFile; fileRef = 2ECA766828B4BF1A002A03C8 /* GetAlbumsTracks.swift */; };
		2ECA769B28B4BF1A002A03C8 /* ExplicitContent.swift in Sources */ = {isa = PBXBuildFile; fileRef = 2ECA766A28B4BF1A002A03C8 /* ExplicitContent.swift */; };
		2ECA769C28B4BF1A002A03C8 /* JSONSchemaSupport.swift in Sources */ = {isa = PBXBuildFile; fileRef = 2ECA766B28B4BF1A002A03C8 /* JSONSchemaSupport.swift */; };
		2ECA769D28B4BF1A002A03C8 /* GetSearch.swift in Sources */ = {isa = PBXBuildFile; fileRef = 2ECA766C28B4BF1A002A03C8 /* GetSearch.swift */; };
		2ECA769E28B4BF1A002A03C8 /* ArtistType.swift in Sources */ = {isa = PBXBuildFile; fileRef = 2ECA766D28B4BF1A002A03C8 /* ArtistType.swift */; };
		2ECA769F28B4BF1A002A03C8 /* OwnerType.swift in Sources */ = {isa = PBXBuildFile; fileRef = 2ECA766E28B4BF1A002A03C8 /* OwnerType.swift */; };
		2ECA76A028B4BF1A002A03C8 /* TrackExternalids.swift in Sources */ = {isa = PBXBuildFile; fileRef = 2ECA766F28B4BF1A002A03C8 /* TrackExternalids.swift */; };
		2ECA76A128B4BF1A002A03C8 /* GetCategories.swift in Sources */ = {isa = PBXBuildFile; fileRef = 2ECA767028B4BF1A002A03C8 /* GetCategories.swift */; };
		2ECA76A228B4BF1A002A03C8 /* GetArtist.swift in Sources */ = {isa = PBXBuildFile; fileRef = 2ECA767128B4BF1A002A03C8 /* GetArtist.swift */; };
		2ECA76A328B4BF1A002A03C8 /* RecommendedGenresResponse.swift in Sources */ = {isa = PBXBuildFile; fileRef = 2ECA767228B4BF1A002A03C8 /* RecommendedGenresResponse.swift */; };
		2ECA76A428B4BF1A002A03C8 /* Seed.swift in Sources */ = {isa = PBXBuildFile; fileRef = 2ECA767328B4BF1A002A03C8 /* Seed.swift */; };
		2ECA76A528B4BF1A002A03C8 /* Track.swift in Sources */ = {isa = PBXBuildFile; fileRef = 2ECA767428B4BF1A002A03C8 /* Track.swift */; };
		2ECA76A628B4BF1A002A03C8 /* VideoThumbnail.swift in Sources */ = {isa = PBXBuildFile; fileRef = 2ECA767528B4BF1A002A03C8 /* VideoThumbnail.swift */; };
		2ECA76A728B4BF1A002A03C8 /* Artists.swift in Sources */ = {isa = PBXBuildFile; fileRef = 2ECA767628B4BF1A002A03C8 /* Artists.swift */; };
		2ECA76A828B4BF1A002A03C8 /* TrackType.swift in Sources */ = {isa = PBXBuildFile; fileRef = 2ECA767728B4BF1A002A03C8 /* TrackType.swift */; };
		2ECA76A928B4BF1A002A03C8 /* Tracks.swift in Sources */ = {isa = PBXBuildFile; fileRef = 2ECA767828B4BF1A002A03C8 /* Tracks.swift */; };
		2ECA76AA28B4BF1A002A03C8 /* GetPlaylistsTracks.swift in Sources */ = {isa = PBXBuildFile; fileRef = 2ECA767928B4BF1A002A03C8 /* GetPlaylistsTracks.swift */; };
		2ECA76AB28B4BF1A002A03C8 /* PlaylistsItem.swift in Sources */ = {isa = PBXBuildFile; fileRef = 2ECA767A28B4BF1A002A03C8 /* PlaylistsItem.swift */; };
		2ECA76AC28B4BF1A002A03C8 /* GetCurrentProfile.swift in Sources */ = {isa = PBXBuildFile; fileRef = 2ECA767B28B4BF1A002A03C8 /* GetCurrentProfile.swift */; };
		2ECA76AD28B4BF1A002A03C8 /* Recommendations.swift in Sources */ = {isa = PBXBuildFile; fileRef = 2ECA767C28B4BF1A002A03C8 /* Recommendations.swift */; };
		2ECA76AE28B4BF1A002A03C8 /* GetPlaylistsType.swift in Sources */ = {isa = PBXBuildFile; fileRef = 2ECA767D28B4BF1A002A03C8 /* GetPlaylistsType.swift */; };
		2ECA76AF28B4BF1A002A03C8 /* Artist.swift in Sources */ = {isa = PBXBuildFile; fileRef = 2ECA767E28B4BF1A002A03C8 /* Artist.swift */; };
		2ECA76B028B4BF1A002A03C8 /* FeaturedPlaylists.swift in Sources */ = {isa = PBXBuildFile; fileRef = 2ECA767F28B4BF1A002A03C8 /* FeaturedPlaylists.swift */; };
		2ECA76B128B4BF1A002A03C8 /* Playlists.swift in Sources */ = {isa = PBXBuildFile; fileRef = 2ECA768028B4BF1A002A03C8 /* Playlists.swift */; };
		2ECA76B228B4BF1A002A03C8 /* PurpleItem.swift in Sources */ = {isa = PBXBuildFile; fileRef = 2ECA768128B4BF1A002A03C8 /* PurpleItem.swift */; };
		2ECA76B328B4BF1A002A03C8 /* AlbumTypeEnum.swift in Sources */ = {isa = PBXBuildFile; fileRef = 2ECA768228B4BF1A002A03C8 /* AlbumTypeEnum.swift */; };
		2ECA76B428B4BF1A002A03C8 /* GetAlbums.swift in Sources */ = {isa = PBXBuildFile; fileRef = 2ECA768328B4BF1A002A03C8 /* GetAlbums.swift */; };
		2ECA76B528B4BF1A002A03C8 /* AuthResponse.swift in Sources */ = {isa = PBXBuildFile; fileRef = 2ECA768428B4BF1A002A03C8 /* AuthResponse.swift */; };
		2ECA76B628B4BF1A002A03C8 /* ExternalUrls.swift in Sources */ = {isa = PBXBuildFile; fileRef = 2ECA768528B4BF1A002A03C8 /* ExternalUrls.swift */; };
		2ECA76B728B4BF1A002A03C8 /* LibraryAlbumsResponse.swift in Sources */ = {isa = PBXBuildFile; fileRef = 2ECA768628B4BF1A002A03C8 /* LibraryAlbumsResponse.swift */; };
		2ECA76B828B4BF1A002A03C8 /* Restrictions.swift in Sources */ = {isa = PBXBuildFile; fileRef = 2ECA768728B4BF1A002A03C8 /* Restrictions.swift */; };
		2ECA76B928B4BF1A002A03C8 /* Externalids.swift in Sources */ = {isa = PBXBuildFile; fileRef = 2ECA768828B4BF1A002A03C8 /* Externalids.swift */; };
		2ECA76BA28B4BF1A002A03C8 /* FluffyItem.swift in Sources */ = {isa = PBXBuildFile; fileRef = 2ECA768928B4BF1A002A03C8 /* FluffyItem.swift */; };
		2ECA76BB28B4BF1A002A03C8 /* Owner.swift in Sources */ = {isa = PBXBuildFile; fileRef = 2ECA768A28B4BF1A002A03C8 /* Owner.swift */; };
		2ECA76BC28B4BF1A002A03C8 /* NewReleases.swift in Sources */ = {isa = PBXBuildFile; fileRef = 2ECA768B28B4BF1A002A03C8 /* NewReleases.swift */; };
		2ECA76BD28B4BF1A002A03C8 /* GenreSeeds.swift in Sources */ = {isa = PBXBuildFile; fileRef = 2ECA768C28B4BF1A002A03C8 /* GenreSeeds.swift */; };
		2ECA76BE28B4BF1A002A03C8 /* DisplayName.swift in Sources */ = {isa = PBXBuildFile; fileRef = 2ECA768D28B4BF1A002A03C8 /* DisplayName.swift */; };
		2ECA76BF28B4BF1A002A03C8 /* User.swift in Sources */ = {isa = PBXBuildFile; fileRef = 2ECA768E28B4BF1A002A03C8 /* User.swift */; };
		2ECA76C028B4BF1A002A03C8 /* SettingsModel.swift in Sources */ = {isa = PBXBuildFile; fileRef = 2ECA768F28B4BF1A002A03C8 /* SettingsModel.swift */; };
		2ECA76C128B4BF1A002A03C8 /* Albums.swift in Sources */ = {isa = PBXBuildFile; fileRef = 2ECA769028B4BF1A002A03C8 /* Albums.swift */; };
		2ECA76C228B4BF1A002A03C8 /* ImageModel.swift in Sources */ = {isa = PBXBuildFile; fileRef = 2ECA769128B4BF1A002A03C8 /* ImageModel.swift */; };
		2ECA76C328B4BF1A002A03C8 /* Episode.swift in Sources */ = {isa = PBXBuildFile; fileRef = 2ECA769228B4BF1A002A03C8 /* Episode.swift */; };
		2ECA76C428B4BF1A002A03C8 /* Album.swift in Sources */ = {isa = PBXBuildFile; fileRef = 2ECA769328B4BF1A002A03C8 /* Album.swift */; };
		2ECA76C528B4BF1A002A03C8 /* PurpleType.swift in Sources */ = {isa = PBXBuildFile; fileRef = 2ECA769428B4BF1A002A03C8 /* PurpleType.swift */; };
		2ECA76C628B4BF1A002A03C8 /* Followers.swift in Sources */ = {isa = PBXBuildFile; fileRef = 2ECA769528B4BF1A002A03C8 /* Followers.swift */; };
		2ECA76C728B4BF1A002A03C8 /* GetPlaylists.swift in Sources */ = {isa = PBXBuildFile; fileRef = 2ECA769628B4BF1A002A03C8 /* GetPlaylists.swift */; };
		2ECA76C828B4BF1A002A03C8 /* GetCategoryPlaylists.swift in Sources */ = {isa = PBXBuildFile; fileRef = 2ECA769728B4BF1A002A03C8 /* GetCategoryPlaylists.swift */; };
		2ECA76C928B4BF1A002A03C8 /* Copyright.swift in Sources */ = {isa = PBXBuildFile; fileRef = 2ECA769828B4BF1A002A03C8 /* Copyright.swift */; };
		2ECA76CD28B4C8FF002A03C8 /* ClientConfig.plist in Resources */ = {isa = PBXBuildFile; fileRef = 2ECA76CC28B4C8FF002A03C8 /* ClientConfig.plist */; };
		2ECA76CF28B4CEFB002A03C8 /* WebUIView.swift in Sources */ = {isa = PBXBuildFile; fileRef = 2ECA76CE28B4CEFB002A03C8 /* WebUIView.swift */; };
		2ECA76D228B5522D002A03C8 /* DateExtensions.swift in Sources */ = {isa = PBXBuildFile; fileRef = 2ECA76D128B5522D002A03C8 /* DateExtensions.swift */; };
		2ECA76DA28B55B98002A03C8 /* TabBarView.swift in Sources */ = {isa = PBXBuildFile; fileRef = 2ECA76D928B55B98002A03C8 /* TabBarView.swift */; };
		2ECA76DC28B55C43002A03C8 /* TempView.swift in Sources */ = {isa = PBXBuildFile; fileRef = 2ECA76DB28B55C43002A03C8 /* TempView.swift */; };
		2ECA76DE28B55D9E002A03C8 /* WelcomeView.swift in Sources */ = {isa = PBXBuildFile; fileRef = 2ECA76DD28B55D9E002A03C8 /* WelcomeView.swift */; };
		2ECA76E028B56ABB002A03C8 /* HomeView.swift in Sources */ = {isa = PBXBuildFile; fileRef = 2ECA76DF28B56ABB002A03C8 /* HomeView.swift */; };
		2ECA76E228B56E7E002A03C8 /* NewReleasedAlbumView.swift in Sources */ = {isa = PBXBuildFile; fileRef = 2ECA76E128B56E7E002A03C8 /* NewReleasedAlbumView.swift */; };
		2ECA76E428B56F99002A03C8 /* Helper.swift in Sources */ = {isa = PBXBuildFile; fileRef = 2ECA76E328B56F99002A03C8 /* Helper.swift */; };
		2ECA76E628B577E8002A03C8 /* FeaturedPlaylistView.swift in Sources */ = {isa = PBXBuildFile; fileRef = 2ECA76E528B577E8002A03C8 /* FeaturedPlaylistView.swift */; };
		2ECA76E828B57BEB002A03C8 /* RecommendedView.swift in Sources */ = {isa = PBXBuildFile; fileRef = 2ECA76E728B57BEB002A03C8 /* RecommendedView.swift */; };
		2ECA76EA28B585B6002A03C8 /* AlbumViewModel.swift in Sources */ = {isa = PBXBuildFile; fileRef = 2ECA76E928B585B6002A03C8 /* AlbumViewModel.swift */; };
		2ECA76EC28B587D4002A03C8 /* HapticsManager.swift in Sources */ = {isa = PBXBuildFile; fileRef = 2ECA76EB28B587D4002A03C8 /* HapticsManager.swift */; };
		2ECA76F328B59E40002A03C8 /* ProfileView.swift in Sources */ = {isa = PBXBuildFile; fileRef = 2ECA76F228B59E40002A03C8 /* ProfileView.swift */; };
		2ECA76F528B59F59002A03C8 /* ProfileViewModel.swift in Sources */ = {isa = PBXBuildFile; fileRef = 2ECA76F428B59F59002A03C8 /* ProfileViewModel.swift */; };
		2ECA76F728B5AD82002A03C8 /* PlayerView.swift in Sources */ = {isa = PBXBuildFile; fileRef = 2ECA76F628B5AD82002A03C8 /* PlayerView.swift */; };
		2ECA76F928B5D357002A03C8 /* SearchViewModel.swift in Sources */ = {isa = PBXBuildFile; fileRef = 2ECA76F828B5D357002A03C8 /* SearchViewModel.swift */; };
		2ECA76FB28B5D48F002A03C8 /* SearchView.swift in Sources */ = {isa = PBXBuildFile; fileRef = 2ECA76FA28B5D48F002A03C8 /* SearchView.swift */; };
		2ECA76FD28B5FA45002A03C8 /* FetchState.swift in Sources */ = {isa = PBXBuildFile; fileRef = 2ECA76FC28B5FA45002A03C8 /* FetchState.swift */; };
		2ECA76FF28B5FD3A002A03C8 /* SearchPlaceholderView.swift in Sources */ = {isa = PBXBuildFile; fileRef = 2ECA76FE28B5FD3A002A03C8 /* SearchPlaceholderView.swift */; };
		2ECA770128B6195A002A03C8 /* ListPlaceholderRowView.swift in Sources */ = {isa = PBXBuildFile; fileRef = 2ECA770028B6195A002A03C8 /* ListPlaceholderRowView.swift */; };
		2ECA770328B63EE0002A03C8 /* SearchResultView.swift in Sources */ = {isa = PBXBuildFile; fileRef = 2ECA770228B63EE0002A03C8 /* SearchResultView.swift */; };
/* End PBXBuildFile section */

/* Begin PBXFileReference section */
		2E79DEA928B7347500B2952A /* AlbumView.swift */ = {isa = PBXFileReference; lastKnownFileType = sourcecode.swift; path = AlbumView.swift; sourceTree = "<group>"; };
		2E79DEAB28B752FF00B2952A /* AlbumDetailsViewModel.swift */ = {isa = PBXFileReference; lastKnownFileType = sourcecode.swift; path = AlbumDetailsViewModel.swift; sourceTree = "<group>"; };
		2E79DEAD28B76A3100B2952A /* PlaylistViewModel.swift */ = {isa = PBXFileReference; lastKnownFileType = sourcecode.swift; path = PlaylistViewModel.swift; sourceTree = "<group>"; };
		2E79DEAF28B76B9700B2952A /* PlaylistView.swift */ = {isa = PBXFileReference; lastKnownFileType = sourcecode.swift; path = PlaylistView.swift; sourceTree = "<group>"; };
		2E79DEB128B76C2C00B2952A /* CoverHeadView.swift */ = {isa = PBXFileReference; lastKnownFileType = sourcecode.swift; path = CoverHeadView.swift; sourceTree = "<group>"; };
		2E79DEB328B76E0B00B2952A /* TrackListView.swift */ = {isa = PBXFileReference; lastKnownFileType = sourcecode.swift; path = TrackListView.swift; sourceTree = "<group>"; };
		2EA6598D28B8943000098211 /* PlayerManagerViewModel.swift */ = {isa = PBXFileReference; lastKnownFileType = sourcecode.swift; path = PlayerManagerViewModel.swift; sourceTree = "<group>"; };
		2EA6598F28B8F8EB00098211 /* CategoryPlaylistView.swift */ = {isa = PBXFileReference; lastKnownFileType = sourcecode.swift; path = CategoryPlaylistView.swift; sourceTree = "<group>"; };
		2ECA765128B4BCE8002A03C8 /* Spotify.app */ = {isa = PBXFileReference; explicitFileType = wrapper.application; includeInIndex = 0; path = Spotify.app; sourceTree = BUILT_PRODUCTS_DIR; };
		2ECA765428B4BCE8002A03C8 /* SpotifyApp.swift */ = {isa = PBXFileReference; lastKnownFileType = sourcecode.swift; path = SpotifyApp.swift; sourceTree = "<group>"; };
		2ECA765628B4BCE8002A03C8 /* ContentView.swift */ = {isa = PBXFileReference; lastKnownFileType = sourcecode.swift; path = ContentView.swift; sourceTree = "<group>"; };
		2ECA765828B4BCEB002A03C8 /* Assets.xcassets */ = {isa = PBXFileReference; lastKnownFileType = folder.assetcatalog; path = Assets.xcassets; sourceTree = "<group>"; };
		2ECA765B28B4BCEB002A03C8 /* Preview Assets.xcassets */ = {isa = PBXFileReference; lastKnownFileType = folder.assetcatalog; path = "Preview Assets.xcassets"; sourceTree = "<group>"; };
		2ECA766328B4BEA6002A03C8 /* AuthManager.swift */ = {isa = PBXFileReference; lastKnownFileType = sourcecode.swift; path = AuthManager.swift; sourceTree = "<group>"; };
		2ECA766528B4BECB002A03C8 /* APICaller.swift */ = {isa = PBXFileReference; lastKnownFileType = sourcecode.swift; path = APICaller.swift; sourceTree = "<group>"; };
		2ECA766828B4BF1A002A03C8 /* GetAlbumsTracks.swift */ = {isa = PBXFileReference; fileEncoding = 4; lastKnownFileType = sourcecode.swift; path = GetAlbumsTracks.swift; sourceTree = "<group>"; };
		2ECA766A28B4BF1A002A03C8 /* ExplicitContent.swift */ = {isa = PBXFileReference; fileEncoding = 4; lastKnownFileType = sourcecode.swift; path = ExplicitContent.swift; sourceTree = "<group>"; };
		2ECA766B28B4BF1A002A03C8 /* JSONSchemaSupport.swift */ = {isa = PBXFileReference; fileEncoding = 4; lastKnownFileType = sourcecode.swift; path = JSONSchemaSupport.swift; sourceTree = "<group>"; };
		2ECA766C28B4BF1A002A03C8 /* GetSearch.swift */ = {isa = PBXFileReference; fileEncoding = 4; lastKnownFileType = sourcecode.swift; path = GetSearch.swift; sourceTree = "<group>"; };
		2ECA766D28B4BF1A002A03C8 /* ArtistType.swift */ = {isa = PBXFileReference; fileEncoding = 4; lastKnownFileType = sourcecode.swift; path = ArtistType.swift; sourceTree = "<group>"; };
		2ECA766E28B4BF1A002A03C8 /* OwnerType.swift */ = {isa = PBXFileReference; fileEncoding = 4; lastKnownFileType = sourcecode.swift; path = OwnerType.swift; sourceTree = "<group>"; };
		2ECA766F28B4BF1A002A03C8 /* TrackExternalids.swift */ = {isa = PBXFileReference; fileEncoding = 4; lastKnownFileType = sourcecode.swift; path = TrackExternalids.swift; sourceTree = "<group>"; };
		2ECA767028B4BF1A002A03C8 /* GetCategories.swift */ = {isa = PBXFileReference; fileEncoding = 4; lastKnownFileType = sourcecode.swift; path = GetCategories.swift; sourceTree = "<group>"; };
		2ECA767128B4BF1A002A03C8 /* GetArtist.swift */ = {isa = PBXFileReference; fileEncoding = 4; lastKnownFileType = sourcecode.swift; path = GetArtist.swift; sourceTree = "<group>"; };
		2ECA767228B4BF1A002A03C8 /* RecommendedGenresResponse.swift */ = {isa = PBXFileReference; fileEncoding = 4; lastKnownFileType = sourcecode.swift; path = RecommendedGenresResponse.swift; sourceTree = "<group>"; };
		2ECA767328B4BF1A002A03C8 /* Seed.swift */ = {isa = PBXFileReference; fileEncoding = 4; lastKnownFileType = sourcecode.swift; path = Seed.swift; sourceTree = "<group>"; };
		2ECA767428B4BF1A002A03C8 /* Track.swift */ = {isa = PBXFileReference; fileEncoding = 4; lastKnownFileType = sourcecode.swift; path = Track.swift; sourceTree = "<group>"; };
		2ECA767528B4BF1A002A03C8 /* VideoThumbnail.swift */ = {isa = PBXFileReference; fileEncoding = 4; lastKnownFileType = sourcecode.swift; path = VideoThumbnail.swift; sourceTree = "<group>"; };
		2ECA767628B4BF1A002A03C8 /* Artists.swift */ = {isa = PBXFileReference; fileEncoding = 4; lastKnownFileType = sourcecode.swift; path = Artists.swift; sourceTree = "<group>"; };
		2ECA767728B4BF1A002A03C8 /* TrackType.swift */ = {isa = PBXFileReference; fileEncoding = 4; lastKnownFileType = sourcecode.swift; path = TrackType.swift; sourceTree = "<group>"; };
		2ECA767828B4BF1A002A03C8 /* Tracks.swift */ = {isa = PBXFileReference; fileEncoding = 4; lastKnownFileType = sourcecode.swift; path = Tracks.swift; sourceTree = "<group>"; };
		2ECA767928B4BF1A002A03C8 /* GetPlaylistsTracks.swift */ = {isa = PBXFileReference; fileEncoding = 4; lastKnownFileType = sourcecode.swift; path = GetPlaylistsTracks.swift; sourceTree = "<group>"; };
		2ECA767A28B4BF1A002A03C8 /* PlaylistsItem.swift */ = {isa = PBXFileReference; fileEncoding = 4; lastKnownFileType = sourcecode.swift; path = PlaylistsItem.swift; sourceTree = "<group>"; };
		2ECA767B28B4BF1A002A03C8 /* GetCurrentProfile.swift */ = {isa = PBXFileReference; fileEncoding = 4; lastKnownFileType = sourcecode.swift; path = GetCurrentProfile.swift; sourceTree = "<group>"; };
		2ECA767C28B4BF1A002A03C8 /* Recommendations.swift */ = {isa = PBXFileReference; fileEncoding = 4; lastKnownFileType = sourcecode.swift; path = Recommendations.swift; sourceTree = "<group>"; };
		2ECA767D28B4BF1A002A03C8 /* GetPlaylistsType.swift */ = {isa = PBXFileReference; fileEncoding = 4; lastKnownFileType = sourcecode.swift; path = GetPlaylistsType.swift; sourceTree = "<group>"; };
		2ECA767E28B4BF1A002A03C8 /* Artist.swift */ = {isa = PBXFileReference; fileEncoding = 4; lastKnownFileType = sourcecode.swift; path = Artist.swift; sourceTree = "<group>"; };
		2ECA767F28B4BF1A002A03C8 /* FeaturedPlaylists.swift */ = {isa = PBXFileReference; fileEncoding = 4; lastKnownFileType = sourcecode.swift; path = FeaturedPlaylists.swift; sourceTree = "<group>"; };
		2ECA768028B4BF1A002A03C8 /* Playlists.swift */ = {isa = PBXFileReference; fileEncoding = 4; lastKnownFileType = sourcecode.swift; path = Playlists.swift; sourceTree = "<group>"; };
		2ECA768128B4BF1A002A03C8 /* PurpleItem.swift */ = {isa = PBXFileReference; fileEncoding = 4; lastKnownFileType = sourcecode.swift; path = PurpleItem.swift; sourceTree = "<group>"; };
		2ECA768228B4BF1A002A03C8 /* AlbumTypeEnum.swift */ = {isa = PBXFileReference; fileEncoding = 4; lastKnownFileType = sourcecode.swift; path = AlbumTypeEnum.swift; sourceTree = "<group>"; };
		2ECA768328B4BF1A002A03C8 /* GetAlbums.swift */ = {isa = PBXFileReference; fileEncoding = 4; lastKnownFileType = sourcecode.swift; path = GetAlbums.swift; sourceTree = "<group>"; };
		2ECA768428B4BF1A002A03C8 /* AuthResponse.swift */ = {isa = PBXFileReference; fileEncoding = 4; lastKnownFileType = sourcecode.swift; path = AuthResponse.swift; sourceTree = "<group>"; };
		2ECA768528B4BF1A002A03C8 /* ExternalUrls.swift */ = {isa = PBXFileReference; fileEncoding = 4; lastKnownFileType = sourcecode.swift; path = ExternalUrls.swift; sourceTree = "<group>"; };
		2ECA768628B4BF1A002A03C8 /* LibraryAlbumsResponse.swift */ = {isa = PBXFileReference; fileEncoding = 4; lastKnownFileType = sourcecode.swift; path = LibraryAlbumsResponse.swift; sourceTree = "<group>"; };
		2ECA768728B4BF1A002A03C8 /* Restrictions.swift */ = {isa = PBXFileReference; fileEncoding = 4; lastKnownFileType = sourcecode.swift; path = Restrictions.swift; sourceTree = "<group>"; };
		2ECA768828B4BF1A002A03C8 /* Externalids.swift */ = {isa = PBXFileReference; fileEncoding = 4; lastKnownFileType = sourcecode.swift; path = Externalids.swift; sourceTree = "<group>"; };
		2ECA768928B4BF1A002A03C8 /* FluffyItem.swift */ = {isa = PBXFileReference; fileEncoding = 4; lastKnownFileType = sourcecode.swift; path = FluffyItem.swift; sourceTree = "<group>"; };
		2ECA768A28B4BF1A002A03C8 /* Owner.swift */ = {isa = PBXFileReference; fileEncoding = 4; lastKnownFileType = sourcecode.swift; path = Owner.swift; sourceTree = "<group>"; };
		2ECA768B28B4BF1A002A03C8 /* NewReleases.swift */ = {isa = PBXFileReference; fileEncoding = 4; lastKnownFileType = sourcecode.swift; path = NewReleases.swift; sourceTree = "<group>"; };
		2ECA768C28B4BF1A002A03C8 /* GenreSeeds.swift */ = {isa = PBXFileReference; fileEncoding = 4; lastKnownFileType = sourcecode.swift; path = GenreSeeds.swift; sourceTree = "<group>"; };
		2ECA768D28B4BF1A002A03C8 /* DisplayName.swift */ = {isa = PBXFileReference; fileEncoding = 4; lastKnownFileType = sourcecode.swift; path = DisplayName.swift; sourceTree = "<group>"; };
		2ECA768E28B4BF1A002A03C8 /* User.swift */ = {isa = PBXFileReference; fileEncoding = 4; lastKnownFileType = sourcecode.swift; path = User.swift; sourceTree = "<group>"; };
		2ECA768F28B4BF1A002A03C8 /* SettingsModel.swift */ = {isa = PBXFileReference; fileEncoding = 4; lastKnownFileType = sourcecode.swift; path = SettingsModel.swift; sourceTree = "<group>"; };
		2ECA769028B4BF1A002A03C8 /* Albums.swift */ = {isa = PBXFileReference; fileEncoding = 4; lastKnownFileType = sourcecode.swift; path = Albums.swift; sourceTree = "<group>"; };
		2ECA769128B4BF1A002A03C8 /* ImageModel.swift */ = {isa = PBXFileReference; fileEncoding = 4; lastKnownFileType = sourcecode.swift; path = ImageModel.swift; sourceTree = "<group>"; };
		2ECA769228B4BF1A002A03C8 /* Episode.swift */ = {isa = PBXFileReference; fileEncoding = 4; lastKnownFileType = sourcecode.swift; path = Episode.swift; sourceTree = "<group>"; };
		2ECA769328B4BF1A002A03C8 /* Album.swift */ = {isa = PBXFileReference; fileEncoding = 4; lastKnownFileType = sourcecode.swift; path = Album.swift; sourceTree = "<group>"; };
		2ECA769428B4BF1A002A03C8 /* PurpleType.swift */ = {isa = PBXFileReference; fileEncoding = 4; lastKnownFileType = sourcecode.swift; path = PurpleType.swift; sourceTree = "<group>"; };
		2ECA769528B4BF1A002A03C8 /* Followers.swift */ = {isa = PBXFileReference; fileEncoding = 4; lastKnownFileType = sourcecode.swift; path = Followers.swift; sourceTree = "<group>"; };
		2ECA769628B4BF1A002A03C8 /* GetPlaylists.swift */ = {isa = PBXFileReference; fileEncoding = 4; lastKnownFileType = sourcecode.swift; path = GetPlaylists.swift; sourceTree = "<group>"; };
		2ECA769728B4BF1A002A03C8 /* GetCategoryPlaylists.swift */ = {isa = PBXFileReference; fileEncoding = 4; lastKnownFileType = sourcecode.swift; path = GetCategoryPlaylists.swift; sourceTree = "<group>"; };
		2ECA769828B4BF1A002A03C8 /* Copyright.swift */ = {isa = PBXFileReference; fileEncoding = 4; lastKnownFileType = sourcecode.swift; path = Copyright.swift; sourceTree = "<group>"; };
		2ECA76CC28B4C8FF002A03C8 /* ClientConfig.plist */ = {isa = PBXFileReference; lastKnownFileType = text.plist.xml; path = ClientConfig.plist; sourceTree = "<group>"; };
		2ECA76CE28B4CEFB002A03C8 /* WebUIView.swift */ = {isa = PBXFileReference; lastKnownFileType = sourcecode.swift; path = WebUIView.swift; sourceTree = "<group>"; };
		2ECA76D128B5522D002A03C8 /* DateExtensions.swift */ = {isa = PBXFileReference; lastKnownFileType = sourcecode.swift; path = DateExtensions.swift; sourceTree = "<group>"; };
		2ECA76D928B55B98002A03C8 /* TabBarView.swift */ = {isa = PBXFileReference; lastKnownFileType = sourcecode.swift; path = TabBarView.swift; sourceTree = "<group>"; };
		2ECA76DB28B55C43002A03C8 /* TempView.swift */ = {isa = PBXFileReference; lastKnownFileType = sourcecode.swift; path = TempView.swift; sourceTree = "<group>"; };
		2ECA76DD28B55D9E002A03C8 /* WelcomeView.swift */ = {isa = PBXFileReference; lastKnownFileType = sourcecode.swift; path = WelcomeView.swift; sourceTree = "<group>"; };
		2ECA76DF28B56ABB002A03C8 /* HomeView.swift */ = {isa = PBXFileReference; lastKnownFileType = sourcecode.swift; path = HomeView.swift; sourceTree = "<group>"; };
		2ECA76E128B56E7E002A03C8 /* NewReleasedAlbumView.swift */ = {isa = PBXFileReference; lastKnownFileType = sourcecode.swift; path = NewReleasedAlbumView.swift; sourceTree = "<group>"; };
		2ECA76E328B56F99002A03C8 /* Helper.swift */ = {isa = PBXFileReference; lastKnownFileType = sourcecode.swift; path = Helper.swift; sourceTree = "<group>"; };
		2ECA76E528B577E8002A03C8 /* FeaturedPlaylistView.swift */ = {isa = PBXFileReference; lastKnownFileType = sourcecode.swift; path = FeaturedPlaylistView.swift; sourceTree = "<group>"; };
		2ECA76E728B57BEB002A03C8 /* RecommendedView.swift */ = {isa = PBXFileReference; lastKnownFileType = sourcecode.swift; path = RecommendedView.swift; sourceTree = "<group>"; };
		2ECA76E928B585B6002A03C8 /* AlbumViewModel.swift */ = {isa = PBXFileReference; lastKnownFileType = sourcecode.swift; path = AlbumViewModel.swift; sourceTree = "<group>"; };
		2ECA76EB28B587D4002A03C8 /* HapticsManager.swift */ = {isa = PBXFileReference; lastKnownFileType = sourcecode.swift; path = HapticsManager.swift; sourceTree = "<group>"; };
		2ECA76F228B59E40002A03C8 /* ProfileView.swift */ = {isa = PBXFileReference; lastKnownFileType = sourcecode.swift; path = ProfileView.swift; sourceTree = "<group>"; };
		2ECA76F428B59F59002A03C8 /* ProfileViewModel.swift */ = {isa = PBXFileReference; lastKnownFileType = sourcecode.swift; path = ProfileViewModel.swift; sourceTree = "<group>"; };
		2ECA76F628B5AD82002A03C8 /* PlayerView.swift */ = {isa = PBXFileReference; lastKnownFileType = sourcecode.swift; path = PlayerView.swift; sourceTree = "<group>"; };
		2ECA76F828B5D357002A03C8 /* SearchViewModel.swift */ = {isa = PBXFileReference; lastKnownFileType = sourcecode.swift; path = SearchViewModel.swift; sourceTree = "<group>"; };
		2ECA76FA28B5D48F002A03C8 /* SearchView.swift */ = {isa = PBXFileReference; lastKnownFileType = sourcecode.swift; path = SearchView.swift; sourceTree = "<group>"; };
		2ECA76FC28B5FA45002A03C8 /* FetchState.swift */ = {isa = PBXFileReference; lastKnownFileType = sourcecode.swift; path = FetchState.swift; sourceTree = "<group>"; };
		2ECA76FE28B5FD3A002A03C8 /* SearchPlaceholderView.swift */ = {isa = PBXFileReference; lastKnownFileType = sourcecode.swift; path = SearchPlaceholderView.swift; sourceTree = "<group>"; };
		2ECA770028B6195A002A03C8 /* ListPlaceholderRowView.swift */ = {isa = PBXFileReference; lastKnownFileType = sourcecode.swift; path = ListPlaceholderRowView.swift; sourceTree = "<group>"; };
		2ECA770228B63EE0002A03C8 /* SearchResultView.swift */ = {isa = PBXFileReference; lastKnownFileType = sourcecode.swift; path = SearchResultView.swift; sourceTree = "<group>"; };
/* End PBXFileReference section */

/* Begin PBXFrameworksBuildPhase section */
		2ECA764E28B4BCE8002A03C8 /* Frameworks */ = {
			isa = PBXFrameworksBuildPhase;
			buildActionMask = 2147483647;
			files = (
			);
			runOnlyForDeploymentPostprocessing = 0;
		};
/* End PBXFrameworksBuildPhase section */

/* Begin PBXGroup section */
		2ECA764828B4BCE8002A03C8 = {
			isa = PBXGroup;
			children = (
				2ECA765328B4BCE8002A03C8 /* Spotify */,
				2ECA765228B4BCE8002A03C8 /* Products */,
			);
			sourceTree = "<group>";
		};
		2ECA765228B4BCE8002A03C8 /* Products */ = {
			isa = PBXGroup;
			children = (
				2ECA765128B4BCE8002A03C8 /* Spotify.app */,
			);
			name = Products;
			sourceTree = "<group>";
		};
		2ECA765328B4BCE8002A03C8 /* Spotify */ = {
			isa = PBXGroup;
			children = (
				2ECA76D528B55AC9002A03C8 /* App */,
				2ECA766228B4BE99002A03C8 /* Managers */,
				2ECA766728B4BF01002A03C8 /* Models */,
				2ECA765A28B4BCEB002A03C8 /* Preview Content */,
				2ECA76D328B554E6002A03C8 /* Resources */,
				2ECA76D428B55AAC002A03C8 /* Views */,
				2ECA76D628B55B2F002A03C8 /* ViewModels */,
			);
			path = Spotify;
			sourceTree = "<group>";
		};
		2ECA765A28B4BCEB002A03C8 /* Preview Content */ = {
			isa = PBXGroup;
			children = (
				2ECA765B28B4BCEB002A03C8 /* Preview Assets.xcassets */,
			);
			path = "Preview Content";
			sourceTree = "<group>";
		};
		2ECA766228B4BE99002A03C8 /* Managers */ = {
			isa = PBXGroup;
			children = (
				2ECA766328B4BEA6002A03C8 /* AuthManager.swift */,
				2ECA766528B4BECB002A03C8 /* APICaller.swift */,
				2ECA76EB28B587D4002A03C8 /* HapticsManager.swift */,
			);
			path = Managers;
			sourceTree = "<group>";
		};
		2ECA766728B4BF01002A03C8 /* Models */ = {
			isa = PBXGroup;
			children = (
				2ECA769328B4BF1A002A03C8 /* Album.swift */,
				2ECA769028B4BF1A002A03C8 /* Albums.swift */,
				2ECA768228B4BF1A002A03C8 /* AlbumTypeEnum.swift */,
				2ECA767E28B4BF1A002A03C8 /* Artist.swift */,
				2ECA767628B4BF1A002A03C8 /* Artists.swift */,
				2ECA766D28B4BF1A002A03C8 /* ArtistType.swift */,
				2ECA768428B4BF1A002A03C8 /* AuthResponse.swift */,
				2ECA769828B4BF1A002A03C8 /* Copyright.swift */,
				2ECA768D28B4BF1A002A03C8 /* DisplayName.swift */,
				2ECA769228B4BF1A002A03C8 /* Episode.swift */,
				2ECA766A28B4BF1A002A03C8 /* ExplicitContent.swift */,
				2ECA768828B4BF1A002A03C8 /* Externalids.swift */,
				2ECA768528B4BF1A002A03C8 /* ExternalUrls.swift */,
				2ECA767F28B4BF1A002A03C8 /* FeaturedPlaylists.swift */,
				2ECA768928B4BF1A002A03C8 /* FluffyItem.swift */,
				2ECA769528B4BF1A002A03C8 /* Followers.swift */,
				2ECA768C28B4BF1A002A03C8 /* GenreSeeds.swift */,
				2ECA768328B4BF1A002A03C8 /* GetAlbums.swift */,
				2ECA766828B4BF1A002A03C8 /* GetAlbumsTracks.swift */,
				2ECA767128B4BF1A002A03C8 /* GetArtist.swift */,
				2ECA767028B4BF1A002A03C8 /* GetCategories.swift */,
				2ECA769728B4BF1A002A03C8 /* GetCategoryPlaylists.swift */,
				2ECA767B28B4BF1A002A03C8 /* GetCurrentProfile.swift */,
				2ECA769628B4BF1A002A03C8 /* GetPlaylists.swift */,
				2ECA767928B4BF1A002A03C8 /* GetPlaylistsTracks.swift */,
				2ECA767D28B4BF1A002A03C8 /* GetPlaylistsType.swift */,
				2ECA766C28B4BF1A002A03C8 /* GetSearch.swift */,
				2ECA769128B4BF1A002A03C8 /* ImageModel.swift */,
				2ECA766B28B4BF1A002A03C8 /* JSONSchemaSupport.swift */,
				2ECA768628B4BF1A002A03C8 /* LibraryAlbumsResponse.swift */,
				2ECA768B28B4BF1A002A03C8 /* NewReleases.swift */,
				2ECA768A28B4BF1A002A03C8 /* Owner.swift */,
				2ECA766E28B4BF1A002A03C8 /* OwnerType.swift */,
				2ECA768028B4BF1A002A03C8 /* Playlists.swift */,
				2ECA767A28B4BF1A002A03C8 /* PlaylistsItem.swift */,
				2ECA768128B4BF1A002A03C8 /* PurpleItem.swift */,
				2ECA769428B4BF1A002A03C8 /* PurpleType.swift */,
				2ECA767C28B4BF1A002A03C8 /* Recommendations.swift */,
				2ECA767228B4BF1A002A03C8 /* RecommendedGenresResponse.swift */,
				2ECA768728B4BF1A002A03C8 /* Restrictions.swift */,
				2ECA767328B4BF1A002A03C8 /* Seed.swift */,
				2ECA768F28B4BF1A002A03C8 /* SettingsModel.swift */,
				2ECA767428B4BF1A002A03C8 /* Track.swift */,
				2ECA766F28B4BF1A002A03C8 /* TrackExternalids.swift */,
				2ECA767828B4BF1A002A03C8 /* Tracks.swift */,
				2ECA767728B4BF1A002A03C8 /* TrackType.swift */,
				2ECA768E28B4BF1A002A03C8 /* User.swift */,
				2ECA767528B4BF1A002A03C8 /* VideoThumbnail.swift */,
				2ECA76FC28B5FA45002A03C8 /* FetchState.swift */,
			);
			path = Models;
			sourceTree = "<group>";
		};
		2ECA76D028B5520F002A03C8 /* Extensions */ = {
			isa = PBXGroup;
			children = (
				2ECA76D128B5522D002A03C8 /* DateExtensions.swift */,
			);
			path = Extensions;
			sourceTree = "<group>";
		};
		2ECA76D328B554E6002A03C8 /* Resources */ = {
			isa = PBXGroup;
			children = (
				2ECA76D028B5520F002A03C8 /* Extensions */,
				2ECA76CC28B4C8FF002A03C8 /* ClientConfig.plist */,
				2ECA76E328B56F99002A03C8 /* Helper.swift */,
			);
			path = Resources;
			sourceTree = "<group>";
		};
		2ECA76D428B55AAC002A03C8 /* Views */ = {
			isa = PBXGroup;
			children = (
				2ECA76F028B59B09002A03C8 /* Core */,
				2ECA76D828B55B69002A03C8 /* Other */,
			);
			path = Views;
			sourceTree = "<group>";
		};
		2ECA76D528B55AC9002A03C8 /* App */ = {
			isa = PBXGroup;
			children = (
				2ECA765828B4BCEB002A03C8 /* Assets.xcassets */,
				2ECA765428B4BCE8002A03C8 /* SpotifyApp.swift */,
				2ECA765628B4BCE8002A03C8 /* ContentView.swift */,
				2ECA76DB28B55C43002A03C8 /* TempView.swift */,
			);
			path = App;
			sourceTree = "<group>";
		};
		2ECA76D628B55B2F002A03C8 /* ViewModels */ = {
			isa = PBXGroup;
			children = (
				2ECA76E928B585B6002A03C8 /* AlbumViewModel.swift */,
				2ECA76F428B59F59002A03C8 /* ProfileViewModel.swift */,
				2ECA76F828B5D357002A03C8 /* SearchViewModel.swift */,
				2E79DEAB28B752FF00B2952A /* AlbumDetailsViewModel.swift */,
				2E79DEAD28B76A3100B2952A /* PlaylistViewModel.swift */,
				2EA6598D28B8943000098211 /* PlayerManagerViewModel.swift */,
			);
			path = ViewModels;
			sourceTree = "<group>";
		};
		2ECA76D828B55B69002A03C8 /* Other */ = {
			isa = PBXGroup;
			children = (
				2ECA76F228B59E40002A03C8 /* ProfileView.swift */,
				2ECA76E128B56E7E002A03C8 /* NewReleasedAlbumView.swift */,
				2ECA76E528B577E8002A03C8 /* FeaturedPlaylistView.swift */,
				2ECA76E728B57BEB002A03C8 /* RecommendedView.swift */,
				2ECA76CE28B4CEFB002A03C8 /* WebUIView.swift */,
				2ECA76F628B5AD82002A03C8 /* PlayerView.swift */,
				2ECA76FE28B5FD3A002A03C8 /* SearchPlaceholderView.swift */,
				2ECA770028B6195A002A03C8 /* ListPlaceholderRowView.swift */,
				2ECA770228B63EE0002A03C8 /* SearchResultView.swift */,
				2E79DEA928B7347500B2952A /* AlbumView.swift */,
				2E79DEAF28B76B9700B2952A /* PlaylistView.swift */,
				2E79DEB128B76C2C00B2952A /* CoverHeadView.swift */,
				2E79DEB328B76E0B00B2952A /* TrackListView.swift */,
				2EA6598F28B8F8EB00098211 /* CategoryPlaylistView.swift */,
			);
			path = Other;
			sourceTree = "<group>";
		};
		2ECA76F028B59B09002A03C8 /* Core */ = {
			isa = PBXGroup;
			children = (
				2ECA76DF28B56ABB002A03C8 /* HomeView.swift */,
				2ECA76DD28B55D9E002A03C8 /* WelcomeView.swift */,
				2ECA76D928B55B98002A03C8 /* TabBarView.swift */,
				2ECA76FA28B5D48F002A03C8 /* SearchView.swift */,
			);
			path = Core;
			sourceTree = "<group>";
		};
/* End PBXGroup section */

/* Begin PBXNativeTarget section */
		2ECA765028B4BCE8002A03C8 /* Spotify */ = {
			isa = PBXNativeTarget;
			buildConfigurationList = 2ECA765F28B4BCEB002A03C8 /* Build configuration list for PBXNativeTarget "Spotify" */;
			buildPhases = (
				2ECA764D28B4BCE8002A03C8 /* Sources */,
				2ECA764E28B4BCE8002A03C8 /* Frameworks */,
				2ECA764F28B4BCE8002A03C8 /* Resources */,
			);
			buildRules = (
			);
			dependencies = (
			);
			name = Spotify;
			productName = Spotify;
			productReference = 2ECA765128B4BCE8002A03C8 /* Spotify.app */;
			productType = "com.apple.product-type.application";
		};
/* End PBXNativeTarget section */

/* Begin PBXProject section */
		2ECA764928B4BCE8002A03C8 /* Project object */ = {
			isa = PBXProject;
			attributes = {
				BuildIndependentTargetsInParallel = 1;
				LastSwiftUpdateCheck = 1340;
				LastUpgradeCheck = 1340;
				TargetAttributes = {
					2ECA765028B4BCE8002A03C8 = {
						CreatedOnToolsVersion = 13.4.1;
					};
				};
			};
			buildConfigurationList = 2ECA764C28B4BCE8002A03C8 /* Build configuration list for PBXProject "Spotify" */;
			compatibilityVersion = "Xcode 13.0";
			developmentRegion = en;
			hasScannedForEncodings = 0;
			knownRegions = (
				en,
				Base,
			);
			mainGroup = 2ECA764828B4BCE8002A03C8;
			productRefGroup = 2ECA765228B4BCE8002A03C8 /* Products */;
			projectDirPath = "";
			projectRoot = "";
			targets = (
				2ECA765028B4BCE8002A03C8 /* Spotify */,
			);
		};
/* End PBXProject section */

/* Begin PBXResourcesBuildPhase section */
		2ECA764F28B4BCE8002A03C8 /* Resources */ = {
			isa = PBXResourcesBuildPhase;
			buildActionMask = 2147483647;
			files = (
				2ECA765C28B4BCEB002A03C8 /* Preview Assets.xcassets in Resources */,
				2ECA76CD28B4C8FF002A03C8 /* ClientConfig.plist in Resources */,
				2ECA765928B4BCEB002A03C8 /* Assets.xcassets in Resources */,
			);
			runOnlyForDeploymentPostprocessing = 0;
		};
/* End PBXResourcesBuildPhase section */

/* Begin PBXSourcesBuildPhase section */
		2ECA764D28B4BCE8002A03C8 /* Sources */ = {
			isa = PBXSourcesBuildPhase;
			buildActionMask = 2147483647;
			files = (
				2ECA76E628B577E8002A03C8 /* FeaturedPlaylistView.swift in Sources */,
				2ECA76AB28B4BF1A002A03C8 /* PlaylistsItem.swift in Sources */,
				2ECA765728B4BCE8002A03C8 /* ContentView.swift in Sources */,
				2E79DEAA28B7347500B2952A /* AlbumView.swift in Sources */,
				2ECA76DA28B55B98002A03C8 /* TabBarView.swift in Sources */,
				2ECA76B828B4BF1A002A03C8 /* Restrictions.swift in Sources */,
				2E79DEB028B76B9700B2952A /* PlaylistView.swift in Sources */,
				2ECA769B28B4BF1A002A03C8 /* ExplicitContent.swift in Sources */,
				2ECA76F328B59E40002A03C8 /* ProfileView.swift in Sources */,
				2ECA76F528B59F59002A03C8 /* ProfileViewModel.swift in Sources */,
				2ECA76AF28B4BF1A002A03C8 /* Artist.swift in Sources */,
				2E79DEAE28B76A3100B2952A /* PlaylistViewModel.swift in Sources */,
				2E79DEB228B76C2C00B2952A /* CoverHeadView.swift in Sources */,
				2ECA76BE28B4BF1A002A03C8 /* DisplayName.swift in Sources */,
				2ECA76FB28B5D48F002A03C8 /* SearchView.swift in Sources */,
				2ECA76E028B56ABB002A03C8 /* HomeView.swift in Sources */,
				2EA6599028B8F8EB00098211 /* CategoryPlaylistView.swift in Sources */,
				2ECA769F28B4BF1A002A03C8 /* OwnerType.swift in Sources */,
				2ECA76B728B4BF1A002A03C8 /* LibraryAlbumsResponse.swift in Sources */,
				2ECA76AE28B4BF1A002A03C8 /* GetPlaylistsType.swift in Sources */,
				2ECA76B628B4BF1A002A03C8 /* ExternalUrls.swift in Sources */,
				2ECA769C28B4BF1A002A03C8 /* JSONSchemaSupport.swift in Sources */,
				2ECA76A628B4BF1A002A03C8 /* VideoThumbnail.swift in Sources */,
				2ECA76B128B4BF1A002A03C8 /* Playlists.swift in Sources */,
				2ECA76AC28B4BF1A002A03C8 /* GetCurrentProfile.swift in Sources */,
				2ECA76BB28B4BF1A002A03C8 /* Owner.swift in Sources */,
				2ECA76C128B4BF1A002A03C8 /* Albums.swift in Sources */,
				2ECA76D228B5522D002A03C8 /* DateExtensions.swift in Sources */,
				2EA6598E28B8943000098211 /* PlayerManagerViewModel.swift in Sources */,
				2ECA769928B4BF1A002A03C8 /* GetAlbumsTracks.swift in Sources */,
				2ECA76A928B4BF1A002A03C8 /* Tracks.swift in Sources */,
				2ECA76A728B4BF1A002A03C8 /* Artists.swift in Sources */,
				2ECA76A028B4BF1A002A03C8 /* TrackExternalids.swift in Sources */,
				2ECA76B428B4BF1A002A03C8 /* GetAlbums.swift in Sources */,
				2ECA76B928B4BF1A002A03C8 /* Externalids.swift in Sources */,
				2ECA76FD28B5FA45002A03C8 /* FetchState.swift in Sources */,
				2ECA76C728B4BF1A002A03C8 /* GetPlaylists.swift in Sources */,
				2ECA76C328B4BF1A002A03C8 /* Episode.swift in Sources */,
				2ECA76C828B4BF1A002A03C8 /* GetCategoryPlaylists.swift in Sources */,
				2ECA76C428B4BF1A002A03C8 /* Album.swift in Sources */,
				2ECA76BD28B4BF1A002A03C8 /* GenreSeeds.swift in Sources */,
				2ECA76A428B4BF1A002A03C8 /* Seed.swift in Sources */,
				2ECA76A828B4BF1A002A03C8 /* TrackType.swift in Sources */,
				2ECA76C228B4BF1A002A03C8 /* ImageModel.swift in Sources */,
				2ECA76C028B4BF1A002A03C8 /* SettingsModel.swift in Sources */,
				2ECA76B328B4BF1A002A03C8 /* AlbumTypeEnum.swift in Sources */,
				2E79DEAC28B752FF00B2952A /* AlbumDetailsViewModel.swift in Sources */,
				2ECA76C528B4BF1A002A03C8 /* PurpleType.swift in Sources */,
				2ECA769E28B4BF1A002A03C8 /* ArtistType.swift in Sources */,
				2ECA76FF28B5FD3A002A03C8 /* SearchPlaceholderView.swift in Sources */,
				2ECA770328B63EE0002A03C8 /* SearchResultView.swift in Sources */,
				2ECA76DC28B55C43002A03C8 /* TempView.swift in Sources */,
				2ECA76B528B4BF1A002A03C8 /* AuthResponse.swift in Sources */,
				2ECA76AD28B4BF1A002A03C8 /* Recommendations.swift in Sources */,
				2ECA76E228B56E7E002A03C8 /* NewReleasedAlbumView.swift in Sources */,
				2ECA76BC28B4BF1A002A03C8 /* NewReleases.swift in Sources */,
				2ECA770128B6195A002A03C8 /* ListPlaceholderRowView.swift in Sources */,
				2ECA76CF28B4CEFB002A03C8 /* WebUIView.swift in Sources */,
				2ECA76EA28B585B6002A03C8 /* AlbumViewModel.swift in Sources */,
				2ECA76A228B4BF1A002A03C8 /* GetArtist.swift in Sources */,
				2ECA766428B4BEA6002A03C8 /* AuthManager.swift in Sources */,
				2ECA76E828B57BEB002A03C8 /* RecommendedView.swift in Sources */,
				2ECA76EC28B587D4002A03C8 /* HapticsManager.swift in Sources */,
				2ECA76DE28B55D9E002A03C8 /* WelcomeView.swift in Sources */,
				2ECA76A128B4BF1A002A03C8 /* GetCategories.swift in Sources */,
				2ECA76BA28B4BF1A002A03C8 /* FluffyItem.swift in Sources */,
				2ECA76C928B4BF1A002A03C8 /* Copyright.swift in Sources */,
				2ECA76F728B5AD82002A03C8 /* PlayerView.swift in Sources */,
				2ECA76E428B56F99002A03C8 /* Helper.swift in Sources */,
				2ECA769D28B4BF1A002A03C8 /* GetSearch.swift in Sources */,
				2ECA76B228B4BF1A002A03C8 /* PurpleItem.swift in Sources */,
				2ECA76AA28B4BF1A002A03C8 /* GetPlaylistsTracks.swift in Sources */,
				2ECA76F928B5D357002A03C8 /* SearchViewModel.swift in Sources */,
				2ECA76A528B4BF1A002A03C8 /* Track.swift in Sources */,
				2ECA76A328B4BF1A002A03C8 /* RecommendedGenresResponse.swift in Sources */,
				2ECA765528B4BCE8002A03C8 /* SpotifyApp.swift in Sources */,
				2E79DEB428B76E0B00B2952A /* TrackListView.swift in Sources */,
				2ECA766628B4BECB002A03C8 /* APICaller.swift in Sources */,
				2ECA76C628B4BF1A002A03C8 /* Followers.swift in Sources */,
				2ECA76B028B4BF1A002A03C8 /* FeaturedPlaylists.swift in Sources */,
				2ECA76BF28B4BF1A002A03C8 /* User.swift in Sources */,
			);
			runOnlyForDeploymentPostprocessing = 0;
		};
/* End PBXSourcesBuildPhase section */

/* Begin XCBuildConfiguration section */
		2ECA765D28B4BCEB002A03C8 /* Debug */ = {
			isa = XCBuildConfiguration;
			buildSettings = {
				ALWAYS_SEARCH_USER_PATHS = NO;
				CLANG_ANALYZER_NONNULL = YES;
				CLANG_ANALYZER_NUMBER_OBJECT_CONVERSION = YES_AGGRESSIVE;
				CLANG_CXX_LANGUAGE_STANDARD = "gnu++17";
				CLANG_ENABLE_MODULES = YES;
				CLANG_ENABLE_OBJC_ARC = YES;
				CLANG_ENABLE_OBJC_WEAK = YES;
				CLANG_WARN_BLOCK_CAPTURE_AUTORELEASING = YES;
				CLANG_WARN_BOOL_CONVERSION = YES;
				CLANG_WARN_COMMA = YES;
				CLANG_WARN_CONSTANT_CONVERSION = YES;
				CLANG_WARN_DEPRECATED_OBJC_IMPLEMENTATIONS = YES;
				CLANG_WARN_DIRECT_OBJC_ISA_USAGE = YES_ERROR;
				CLANG_WARN_DOCUMENTATION_COMMENTS = YES;
				CLANG_WARN_EMPTY_BODY = YES;
				CLANG_WARN_ENUM_CONVERSION = YES;
				CLANG_WARN_INFINITE_RECURSION = YES;
				CLANG_WARN_INT_CONVERSION = YES;
				CLANG_WARN_NON_LITERAL_NULL_CONVERSION = YES;
				CLANG_WARN_OBJC_IMPLICIT_RETAIN_SELF = YES;
				CLANG_WARN_OBJC_LITERAL_CONVERSION = YES;
				CLANG_WARN_OBJC_ROOT_CLASS = YES_ERROR;
				CLANG_WARN_QUOTED_INCLUDE_IN_FRAMEWORK_HEADER = YES;
				CLANG_WARN_RANGE_LOOP_ANALYSIS = YES;
				CLANG_WARN_STRICT_PROTOTYPES = YES;
				CLANG_WARN_SUSPICIOUS_MOVE = YES;
				CLANG_WARN_UNGUARDED_AVAILABILITY = YES_AGGRESSIVE;
				CLANG_WARN_UNREACHABLE_CODE = YES;
				CLANG_WARN__DUPLICATE_METHOD_MATCH = YES;
				COPY_PHASE_STRIP = NO;
				DEBUG_INFORMATION_FORMAT = dwarf;
				ENABLE_STRICT_OBJC_MSGSEND = YES;
				ENABLE_TESTABILITY = YES;
				GCC_C_LANGUAGE_STANDARD = gnu11;
				GCC_DYNAMIC_NO_PIC = NO;
				GCC_NO_COMMON_BLOCKS = YES;
				GCC_OPTIMIZATION_LEVEL = 0;
				GCC_PREPROCESSOR_DEFINITIONS = (
					"DEBUG=1",
					"$(inherited)",
				);
				GCC_WARN_64_TO_32_BIT_CONVERSION = YES;
				GCC_WARN_ABOUT_RETURN_TYPE = YES_ERROR;
				GCC_WARN_UNDECLARED_SELECTOR = YES;
				GCC_WARN_UNINITIALIZED_AUTOS = YES_AGGRESSIVE;
				GCC_WARN_UNUSED_FUNCTION = YES;
				GCC_WARN_UNUSED_VARIABLE = YES;
				IPHONEOS_DEPLOYMENT_TARGET = 15.5;
				MTL_ENABLE_DEBUG_INFO = INCLUDE_SOURCE;
				MTL_FAST_MATH = YES;
				ONLY_ACTIVE_ARCH = YES;
				SDKROOT = iphoneos;
				SWIFT_ACTIVE_COMPILATION_CONDITIONS = DEBUG;
				SWIFT_OPTIMIZATION_LEVEL = "-Onone";
			};
			name = Debug;
		};
		2ECA765E28B4BCEB002A03C8 /* Release */ = {
			isa = XCBuildConfiguration;
			buildSettings = {
				ALWAYS_SEARCH_USER_PATHS = NO;
				CLANG_ANALYZER_NONNULL = YES;
				CLANG_ANALYZER_NUMBER_OBJECT_CONVERSION = YES_AGGRESSIVE;
				CLANG_CXX_LANGUAGE_STANDARD = "gnu++17";
				CLANG_ENABLE_MODULES = YES;
				CLANG_ENABLE_OBJC_ARC = YES;
				CLANG_ENABLE_OBJC_WEAK = YES;
				CLANG_WARN_BLOCK_CAPTURE_AUTORELEASING = YES;
				CLANG_WARN_BOOL_CONVERSION = YES;
				CLANG_WARN_COMMA = YES;
				CLANG_WARN_CONSTANT_CONVERSION = YES;
				CLANG_WARN_DEPRECATED_OBJC_IMPLEMENTATIONS = YES;
				CLANG_WARN_DIRECT_OBJC_ISA_USAGE = YES_ERROR;
				CLANG_WARN_DOCUMENTATION_COMMENTS = YES;
				CLANG_WARN_EMPTY_BODY = YES;
				CLANG_WARN_ENUM_CONVERSION = YES;
				CLANG_WARN_INFINITE_RECURSION = YES;
				CLANG_WARN_INT_CONVERSION = YES;
				CLANG_WARN_NON_LITERAL_NULL_CONVERSION = YES;
				CLANG_WARN_OBJC_IMPLICIT_RETAIN_SELF = YES;
				CLANG_WARN_OBJC_LITERAL_CONVERSION = YES;
				CLANG_WARN_OBJC_ROOT_CLASS = YES_ERROR;
				CLANG_WARN_QUOTED_INCLUDE_IN_FRAMEWORK_HEADER = YES;
				CLANG_WARN_RANGE_LOOP_ANALYSIS = YES;
				CLANG_WARN_STRICT_PROTOTYPES = YES;
				CLANG_WARN_SUSPICIOUS_MOVE = YES;
				CLANG_WARN_UNGUARDED_AVAILABILITY = YES_AGGRESSIVE;
				CLANG_WARN_UNREACHABLE_CODE = YES;
				CLANG_WARN__DUPLICATE_METHOD_MATCH = YES;
				COPY_PHASE_STRIP = NO;
				DEBUG_INFORMATION_FORMAT = "dwarf-with-dsym";
				ENABLE_NS_ASSERTIONS = NO;
				ENABLE_STRICT_OBJC_MSGSEND = YES;
				GCC_C_LANGUAGE_STANDARD = gnu11;
				GCC_NO_COMMON_BLOCKS = YES;
				GCC_WARN_64_TO_32_BIT_CONVERSION = YES;
				GCC_WARN_ABOUT_RETURN_TYPE = YES_ERROR;
				GCC_WARN_UNDECLARED_SELECTOR = YES;
				GCC_WARN_UNINITIALIZED_AUTOS = YES_AGGRESSIVE;
				GCC_WARN_UNUSED_FUNCTION = YES;
				GCC_WARN_UNUSED_VARIABLE = YES;
				IPHONEOS_DEPLOYMENT_TARGET = 15.5;
				MTL_ENABLE_DEBUG_INFO = NO;
				MTL_FAST_MATH = YES;
				SDKROOT = iphoneos;
				SWIFT_COMPILATION_MODE = wholemodule;
				SWIFT_OPTIMIZATION_LEVEL = "-O";
				VALIDATE_PRODUCT = YES;
			};
			name = Release;
		};
		2ECA766028B4BCEB002A03C8 /* Debug */ = {
			isa = XCBuildConfiguration;
			buildSettings = {
				ASSETCATALOG_COMPILER_APPICON_NAME = AppIcon;
				ASSETCATALOG_COMPILER_GLOBAL_ACCENT_COLOR_NAME = AccentColor;
				CODE_SIGN_STYLE = Automatic;
				CURRENT_PROJECT_VERSION = 1;
				DEVELOPMENT_ASSET_PATHS = "\"Spotify/Preview Content\"";
				DEVELOPMENT_TEAM = 5D4XSRW8W7;
				ENABLE_PREVIEWS = YES;
				GENERATE_INFOPLIST_FILE = YES;
				INFOPLIST_KEY_UIApplicationSceneManifest_Generation = YES;
				INFOPLIST_KEY_UIApplicationSupportsIndirectInputEvents = YES;
				INFOPLIST_KEY_UILaunchScreen_Generation = YES;
				INFOPLIST_KEY_UISupportedInterfaceOrientations_iPad = "UIInterfaceOrientationPortrait UIInterfaceOrientationPortraitUpsideDown UIInterfaceOrientationLandscapeLeft UIInterfaceOrientationLandscapeRight";
				INFOPLIST_KEY_UISupportedInterfaceOrientations_iPhone = "UIInterfaceOrientationPortrait UIInterfaceOrientationLandscapeLeft UIInterfaceOrientationLandscapeRight";
				LD_RUNPATH_SEARCH_PATHS = (
					"$(inherited)",
					"@executable_path/Frameworks",
				);
				MARKETING_VERSION = 1.0;
				PRODUCT_BUNDLE_IDENTIFIER = com.tnasuh.Spotify;
				PRODUCT_NAME = "$(TARGET_NAME)";
				SWIFT_EMIT_LOC_STRINGS = YES;
				SWIFT_VERSION = 5.0;
				TARGETED_DEVICE_FAMILY = "1,2";
			};
			name = Debug;
		};
		2ECA766128B4BCEB002A03C8 /* Release */ = {
			isa = XCBuildConfiguration;
			buildSettings = {
				ASSETCATALOG_COMPILER_APPICON_NAME = AppIcon;
				ASSETCATALOG_COMPILER_GLOBAL_ACCENT_COLOR_NAME = AccentColor;
				CODE_SIGN_STYLE = Automatic;
				CURRENT_PROJECT_VERSION = 1;
				DEVELOPMENT_ASSET_PATHS = "\"Spotify/Preview Content\"";
				DEVELOPMENT_TEAM = 5D4XSRW8W7;
				ENABLE_PREVIEWS = YES;
				GENERATE_INFOPLIST_FILE = YES;
				INFOPLIST_KEY_UIApplicationSceneManifest_Generation = YES;
				INFOPLIST_KEY_UIApplicationSupportsIndirectInputEvents = YES;
				INFOPLIST_KEY_UILaunchScreen_Generation = YES;
				INFOPLIST_KEY_UISupportedInterfaceOrientations_iPad = "UIInterfaceOrientationPortrait UIInterfaceOrientationPortraitUpsideDown UIInterfaceOrientationLandscapeLeft UIInterfaceOrientationLandscapeRight";
				INFOPLIST_KEY_UISupportedInterfaceOrientations_iPhone = "UIInterfaceOrientationPortrait UIInterfaceOrientationLandscapeLeft UIInterfaceOrientationLandscapeRight";
				LD_RUNPATH_SEARCH_PATHS = (
					"$(inherited)",
					"@executable_path/Frameworks",
				);
				MARKETING_VERSION = 1.0;
				PRODUCT_BUNDLE_IDENTIFIER = com.tnasuh.Spotify;
				PRODUCT_NAME = "$(TARGET_NAME)";
				SWIFT_EMIT_LOC_STRINGS = YES;
				SWIFT_VERSION = 5.0;
				TARGETED_DEVICE_FAMILY = "1,2";
			};
			name = Release;
		};
/* End XCBuildConfiguration section */

/* Begin XCConfigurationList section */
		2ECA764C28B4BCE8002A03C8 /* Build configuration list for PBXProject "Spotify" */ = {
			isa = XCConfigurationList;
			buildConfigurations = (
				2ECA765D28B4BCEB002A03C8 /* Debug */,
				2ECA765E28B4BCEB002A03C8 /* Release */,
			);
			defaultConfigurationIsVisible = 0;
			defaultConfigurationName = Release;
		};
		2ECA765F28B4BCEB002A03C8 /* Build configuration list for PBXNativeTarget "Spotify" */ = {
			isa = XCConfigurationList;
			buildConfigurations = (
				2ECA766028B4BCEB002A03C8 /* Debug */,
				2ECA766128B4BCEB002A03C8 /* Release */,
			);
			defaultConfigurationIsVisible = 0;
			defaultConfigurationName = Release;
		};
/* End XCConfigurationList section */
	};
	rootObject = 2ECA764928B4BCE8002A03C8 /* Project object */;
}
